// !$*UTF8*$!
{
	archiveVersion = 1;
	classes = {
	};
	objectVersion = 50;
	objects = {

/* Begin PBXBuildFile section */
		618F832F25D271180008229A /* LinearLayoutCollectionViewCell.swift in Sources */ = {isa = PBXBuildFile; fileRef = 618F832E25D271180008229A /* LinearLayoutCollectionViewCell.swift */; };
		61B7F2EB25CF746600BAA2A2 /* AppDelegate.swift in Sources */ = {isa = PBXBuildFile; fileRef = 61B7F2EA25CF746600BAA2A2 /* AppDelegate.swift */; };
		61B7F2ED25CF746600BAA2A2 /* SceneDelegate.swift in Sources */ = {isa = PBXBuildFile; fileRef = 61B7F2EC25CF746600BAA2A2 /* SceneDelegate.swift */; };
		61B7F2EF25CF746600BAA2A2 /* ViewController.swift in Sources */ = {isa = PBXBuildFile; fileRef = 61B7F2EE25CF746600BAA2A2 /* ViewController.swift */; };
		61B7F2F225CF746600BAA2A2 /* Main.storyboard in Resources */ = {isa = PBXBuildFile; fileRef = 61B7F2F025CF746600BAA2A2 /* Main.storyboard */; };
		61B7F2F425CF746600BAA2A2 /* Assets.xcassets in Resources */ = {isa = PBXBuildFile; fileRef = 61B7F2F325CF746600BAA2A2 /* Assets.xcassets */; };
		61B7F2F725CF746600BAA2A2 /* LaunchScreen.storyboard in Resources */ = {isa = PBXBuildFile; fileRef = 61B7F2F525CF746600BAA2A2 /* LaunchScreen.storyboard */; };
		61B7F30325CF7B6700BAA2A2 /* Restaurant.swift in Sources */ = {isa = PBXBuildFile; fileRef = 61B7F30225CF7B6700BAA2A2 /* Restaurant.swift */; };
		61B7F30625CF86CE00BAA2A2 /* BasicCollectionViewCell.swift in Sources */ = {isa = PBXBuildFile; fileRef = 61B7F30525CF86CE00BAA2A2 /* BasicCollectionViewCell.swift */; };
		61B7F30D25CF923C00BAA2A2 /* UIColorHex.swift in Sources */ = {isa = PBXBuildFile; fileRef = 61B7F30C25CF923C00BAA2A2 /* UIColorHex.swift */; };
		61B7F31225D0055300BAA2A2 /* CuisineTypeCollectionViewCell.swift in Sources */ = {isa = PBXBuildFile; fileRef = 61B7F31125D0055300BAA2A2 /* CuisineTypeCollectionViewCell.swift */; };
		61E9818925D33D90004931F0 /* DetailViewController.swift in Sources */ = {isa = PBXBuildFile; fileRef = 61E9818825D33D90004931F0 /* DetailViewController.swift */; };
/* End PBXBuildFile section */

/* Begin PBXFileReference section */
		618F832E25D271180008229A /* LinearLayoutCollectionViewCell.swift */ = {isa = PBXFileReference; lastKnownFileType = sourcecode.swift; path = LinearLayoutCollectionViewCell.swift; sourceTree = "<group>"; };
		61B7F2E725CF746500BAA2A2 /* RestaurantsApp.app */ = {isa = PBXFileReference; explicitFileType = wrapper.application; includeInIndex = 0; path = RestaurantsApp.app; sourceTree = BUILT_PRODUCTS_DIR; };
		61B7F2EA25CF746600BAA2A2 /* AppDelegate.swift */ = {isa = PBXFileReference; lastKnownFileType = sourcecode.swift; path = AppDelegate.swift; sourceTree = "<group>"; };
		61B7F2EC25CF746600BAA2A2 /* SceneDelegate.swift */ = {isa = PBXFileReference; lastKnownFileType = sourcecode.swift; path = SceneDelegate.swift; sourceTree = "<group>"; };
		61B7F2EE25CF746600BAA2A2 /* ViewController.swift */ = {isa = PBXFileReference; lastKnownFileType = sourcecode.swift; path = ViewController.swift; sourceTree = "<group>"; };
		61B7F2F125CF746600BAA2A2 /* Base */ = {isa = PBXFileReference; lastKnownFileType = file.storyboard; name = Base; path = Base.lproj/Main.storyboard; sourceTree = "<group>"; };
		61B7F2F325CF746600BAA2A2 /* Assets.xcassets */ = {isa = PBXFileReference; lastKnownFileType = folder.assetcatalog; path = Assets.xcassets; sourceTree = "<group>"; };
		61B7F2F625CF746600BAA2A2 /* Base */ = {isa = PBXFileReference; lastKnownFileType = file.storyboard; name = Base; path = Base.lproj/LaunchScreen.storyboard; sourceTree = "<group>"; };
		61B7F2F825CF746600BAA2A2 /* Info.plist */ = {isa = PBXFileReference; lastKnownFileType = text.plist.xml; path = Info.plist; sourceTree = "<group>"; };
		61B7F30225CF7B6700BAA2A2 /* Restaurant.swift */ = {isa = PBXFileReference; lastKnownFileType = sourcecode.swift; path = Restaurant.swift; sourceTree = "<group>"; };
		61B7F30525CF86CE00BAA2A2 /* BasicCollectionViewCell.swift */ = {isa = PBXFileReference; lastKnownFileType = sourcecode.swift; path = BasicCollectionViewCell.swift; sourceTree = "<group>"; };
		61B7F30C25CF923C00BAA2A2 /* UIColorHex.swift */ = {isa = PBXFileReference; fileEncoding = 4; lastKnownFileType = sourcecode.swift; path = UIColorHex.swift; sourceTree = "<group>"; };
		61B7F31125D0055300BAA2A2 /* CuisineTypeCollectionViewCell.swift */ = {isa = PBXFileReference; lastKnownFileType = sourcecode.swift; path = CuisineTypeCollectionViewCell.swift; sourceTree = "<group>"; };
		61E9818825D33D90004931F0 /* DetailViewController.swift */ = {isa = PBXFileReference; lastKnownFileType = sourcecode.swift; path = DetailViewController.swift; sourceTree = "<group>"; };
/* End PBXFileReference section */

/* Begin PBXFrameworksBuildPhase section */
		61B7F2E425CF746500BAA2A2 /* Frameworks */ = {
			isa = PBXFrameworksBuildPhase;
			buildActionMask = 2147483647;
			files = (
			);
			runOnlyForDeploymentPostprocessing = 0;
		};
/* End PBXFrameworksBuildPhase section */

/* Begin PBXGroup section */
		61B7F2DE25CF746500BAA2A2 = {
			isa = PBXGroup;
			children = (
				61B7F2E925CF746600BAA2A2 /* RestaurantsApp */,
				61B7F2E825CF746500BAA2A2 /* Products */,
			);
			sourceTree = "<group>";
		};
		61B7F2E825CF746500BAA2A2 /* Products */ = {
			isa = PBXGroup;
			children = (
				61B7F2E725CF746500BAA2A2 /* RestaurantsApp.app */,
			);
			name = Products;
			sourceTree = "<group>";
		};
		61B7F2E925CF746600BAA2A2 /* RestaurantsApp */ = {
			isa = PBXGroup;
			children = (
				61B7F2EA25CF746600BAA2A2 /* AppDelegate.swift */,
				61B7F2EC25CF746600BAA2A2 /* SceneDelegate.swift */,
				61B7F2EE25CF746600BAA2A2 /* ViewController.swift */,
				61E9818825D33D90004931F0 /* DetailViewController.swift */,
				61B7F2F025CF746600BAA2A2 /* Main.storyboard */,
				61B7F2F325CF746600BAA2A2 /* Assets.xcassets */,
				61B7F30225CF7B6700BAA2A2 /* Restaurant.swift */,
				61B7F30C25CF923C00BAA2A2 /* UIColorHex.swift */,
				61B7F2F525CF746600BAA2A2 /* LaunchScreen.storyboard */,
				61B7F2F825CF746600BAA2A2 /* Info.plist */,
				61B7F31125D0055300BAA2A2 /* CuisineTypeCollectionViewCell.swift */,
				61B7F30525CF86CE00BAA2A2 /* BasicCollectionViewCell.swift */,
				618F832E25D271180008229A /* LinearLayoutCollectionViewCell.swift */,
			);
			path = RestaurantsApp;
			sourceTree = "<group>";
		};
/* End PBXGroup section */

/* Begin PBXNativeTarget section */
		61B7F2E625CF746500BAA2A2 /* RestaurantsApp */ = {
			isa = PBXNativeTarget;
			buildConfigurationList = 61B7F2FB25CF746600BAA2A2 /* Build configuration list for PBXNativeTarget "RestaurantsApp" */;
			buildPhases = (
				61B7F2E325CF746500BAA2A2 /* Sources */,
				61B7F2E425CF746500BAA2A2 /* Frameworks */,
				61B7F2E525CF746500BAA2A2 /* Resources */,
			);
			buildRules = (
			);
			dependencies = (
			);
			name = RestaurantsApp;
			productName = RestaurantsApp;
			productReference = 61B7F2E725CF746500BAA2A2 /* RestaurantsApp.app */;
			productType = "com.apple.product-type.application";
		};
/* End PBXNativeTarget section */

/* Begin PBXProject section */
		61B7F2DF25CF746500BAA2A2 /* Project object */ = {
			isa = PBXProject;
			attributes = {
				LastSwiftUpdateCheck = 1240;
				LastUpgradeCheck = 1240;
				TargetAttributes = {
					61B7F2E625CF746500BAA2A2 = {
						CreatedOnToolsVersion = 12.4;
					};
				};
			};
			buildConfigurationList = 61B7F2E225CF746500BAA2A2 /* Build configuration list for PBXProject "RestaurantsApp" */;
			compatibilityVersion = "Xcode 9.3";
			developmentRegion = en;
			hasScannedForEncodings = 0;
			knownRegions = (
				en,
				Base,
			);
			mainGroup = 61B7F2DE25CF746500BAA2A2;
			productRefGroup = 61B7F2E825CF746500BAA2A2 /* Products */;
			projectDirPath = "";
			projectRoot = "";
			targets = (
				61B7F2E625CF746500BAA2A2 /* RestaurantsApp */,
			);
		};
/* End PBXProject section */

/* Begin PBXResourcesBuildPhase section */
		61B7F2E525CF746500BAA2A2 /* Resources */ = {
			isa = PBXResourcesBuildPhase;
			buildActionMask = 2147483647;
			files = (
				61B7F2F725CF746600BAA2A2 /* LaunchScreen.storyboard in Resources */,
				61B7F2F425CF746600BAA2A2 /* Assets.xcassets in Resources */,
				61B7F2F225CF746600BAA2A2 /* Main.storyboard in Resources */,
			);
			runOnlyForDeploymentPostprocessing = 0;
		};
/* End PBXResourcesBuildPhase section */

/* Begin PBXSourcesBuildPhase section */
		61B7F2E325CF746500BAA2A2 /* Sources */ = {
			isa = PBXSourcesBuildPhase;
			buildActionMask = 2147483647;
			files = (
				61E9818925D33D90004931F0 /* DetailViewController.swift in Sources */,
				61B7F30D25CF923C00BAA2A2 /* UIColorHex.swift in Sources */,
				61B7F30325CF7B6700BAA2A2 /* Restaurant.swift in Sources */,
				61B7F30625CF86CE00BAA2A2 /* BasicCollectionViewCell.swift in Sources */,
				61B7F2EF25CF746600BAA2A2 /* ViewController.swift in Sources */,
				61B7F2EB25CF746600BAA2A2 /* AppDelegate.swift in Sources */,
				61B7F2ED25CF746600BAA2A2 /* SceneDelegate.swift in Sources */,
				61B7F31225D0055300BAA2A2 /* CuisineTypeCollectionViewCell.swift in Sources */,
				618F832F25D271180008229A /* LinearLayoutCollectionViewCell.swift in Sources */,
			);
			runOnlyForDeploymentPostprocessing = 0;
		};
/* End PBXSourcesBuildPhase section */

/* Begin PBXVariantGroup section */
		61B7F2F025CF746600BAA2A2 /* Main.storyboard */ = {
			isa = PBXVariantGroup;
			children = (
				61B7F2F125CF746600BAA2A2 /* Base */,
			);
			name = Main.storyboard;
			sourceTree = "<group>";
		};
		61B7F2F525CF746600BAA2A2 /* LaunchScreen.storyboard */ = {
			isa = PBXVariantGroup;
			children = (
				61B7F2F625CF746600BAA2A2 /* Base */,
			);
			name = LaunchScreen.storyboard;
			sourceTree = "<group>";
		};
/* End PBXVariantGroup section */

/* Begin XCBuildConfiguration section */
		61B7F2F925CF746600BAA2A2 /* Debug */ = {
			isa = XCBuildConfiguration;
			buildSettings = {
				ALWAYS_SEARCH_USER_PATHS = NO;
				CLANG_ANALYZER_NONNULL = YES;
				CLANG_ANALYZER_NUMBER_OBJECT_CONVERSION = YES_AGGRESSIVE;
				CLANG_CXX_LANGUAGE_STANDARD = "gnu++14";
				CLANG_CXX_LIBRARY = "libc++";
				CLANG_ENABLE_MODULES = YES;
				CLANG_ENABLE_OBJC_ARC = YES;
				CLANG_ENABLE_OBJC_WEAK = YES;
				CLANG_WARN_BLOCK_CAPTURE_AUTORELEASING = YES;
				CLANG_WARN_BOOL_CONVERSION = YES;
				CLANG_WARN_COMMA = YES;
				CLANG_WARN_CONSTANT_CONVERSION = YES;
				CLANG_WARN_DEPRECATED_OBJC_IMPLEMENTATIONS = YES;
				CLANG_WARN_DIRECT_OBJC_ISA_USAGE = YES_ERROR;
				CLANG_WARN_DOCUMENTATION_COMMENTS = YES;
				CLANG_WARN_EMPTY_BODY = YES;
				CLANG_WARN_ENUM_CONVERSION = YES;
				CLANG_WARN_INFINITE_RECURSION = YES;
				CLANG_WARN_INT_CONVERSION = YES;
				CLANG_WARN_NON_LITERAL_NULL_CONVERSION = YES;
				CLANG_WARN_OBJC_IMPLICIT_RETAIN_SELF = YES;
				CLANG_WARN_OBJC_LITERAL_CONVERSION = YES;
				CLANG_WARN_OBJC_ROOT_CLASS = YES_ERROR;
				CLANG_WARN_QUOTED_INCLUDE_IN_FRAMEWORK_HEADER = YES;
				CLANG_WARN_RANGE_LOOP_ANALYSIS = YES;
				CLANG_WARN_STRICT_PROTOTYPES = YES;
				CLANG_WARN_SUSPICIOUS_MOVE = YES;
				CLANG_WARN_UNGUARDED_AVAILABILITY = YES_AGGRESSIVE;
				CLANG_WARN_UNREACHABLE_CODE = YES;
				CLANG_WARN__DUPLICATE_METHOD_MATCH = YES;
				COPY_PHASE_STRIP = NO;
				DEBUG_INFORMATION_FORMAT = dwarf;
				ENABLE_STRICT_OBJC_MSGSEND = YES;
				ENABLE_TESTABILITY = YES;
				GCC_C_LANGUAGE_STANDARD = gnu11;
				GCC_DYNAMIC_NO_PIC = NO;
				GCC_NO_COMMON_BLOCKS = YES;
				GCC_OPTIMIZATION_LEVEL = 0;
				GCC_PREPROCESSOR_DEFINITIONS = (
					"DEBUG=1",
					"$(inherited)",
				);
				GCC_WARN_64_TO_32_BIT_CONVERSION = YES;
				GCC_WARN_ABOUT_RETURN_TYPE = YES_ERROR;
				GCC_WARN_UNDECLARED_SELECTOR = YES;
				GCC_WARN_UNINITIALIZED_AUTOS = YES_AGGRESSIVE;
				GCC_WARN_UNUSED_FUNCTION = YES;
				GCC_WARN_UNUSED_VARIABLE = YES;
				IPHONEOS_DEPLOYMENT_TARGET = 14.4;
				MTL_ENABLE_DEBUG_INFO = INCLUDE_SOURCE;
				MTL_FAST_MATH = YES;
				ONLY_ACTIVE_ARCH = YES;
				SDKROOT = iphoneos;
				SWIFT_ACTIVE_COMPILATION_CONDITIONS = DEBUG;
				SWIFT_OPTIMIZATION_LEVEL = "-Onone";
			};
			name = Debug;
		};
		61B7F2FA25CF746600BAA2A2 /* Release */ = {
			isa = XCBuildConfiguration;
			buildSettings = {
				ALWAYS_SEARCH_USER_PATHS = NO;
				CLANG_ANALYZER_NONNULL = YES;
				CLANG_ANALYZER_NUMBER_OBJECT_CONVERSION = YES_AGGRESSIVE;
				CLANG_CXX_LANGUAGE_STANDARD = "gnu++14";
				CLANG_CXX_LIBRARY = "libc++";
				CLANG_ENABLE_MODULES = YES;
				CLANG_ENABLE_OBJC_ARC = YES;
				CLANG_ENABLE_OBJC_WEAK = YES;
				CLANG_WARN_BLOCK_CAPTURE_AUTORELEASING = YES;
				CLANG_WARN_BOOL_CONVERSION = YES;
				CLANG_WARN_COMMA = YES;
				CLANG_WARN_CONSTANT_CONVERSION = YES;
				CLANG_WARN_DEPRECATED_OBJC_IMPLEMENTATIONS = YES;
				CLANG_WARN_DIRECT_OBJC_ISA_USAGE = YES_ERROR;
				CLANG_WARN_DOCUMENTATION_COMMENTS = YES;
				CLANG_WARN_EMPTY_BODY = YES;
				CLANG_WARN_ENUM_CONVERSION = YES;
				CLANG_WARN_INFINITE_RECURSION = YES;
				CLANG_WARN_INT_CONVERSION = YES;
				CLANG_WARN_NON_LITERAL_NULL_CONVERSION = YES;
				CLANG_WARN_OBJC_IMPLICIT_RETAIN_SELF = YES;
				CLANG_WARN_OBJC_LITERAL_CONVERSION = YES;
				CLANG_WARN_OBJC_ROOT_CLASS = YES_ERROR;
				CLANG_WARN_QUOTED_INCLUDE_IN_FRAMEWORK_HEADER = YES;
				CLANG_WARN_RANGE_LOOP_ANALYSIS = YES;
				CLANG_WARN_STRICT_PROTOTYPES = YES;
				CLANG_WARN_SUSPICIOUS_MOVE = YES;
				CLANG_WARN_UNGUARDED_AVAILABILITY = YES_AGGRESSIVE;
				CLANG_WARN_UNREACHABLE_CODE = YES;
				CLANG_WARN__DUPLICATE_METHOD_MATCH = YES;
				COPY_PHASE_STRIP = NO;
				DEBUG_INFORMATION_FORMAT = "dwarf-with-dsym";
				ENABLE_NS_ASSERTIONS = NO;
				ENABLE_STRICT_OBJC_MSGSEND = YES;
				GCC_C_LANGUAGE_STANDARD = gnu11;
				GCC_NO_COMMON_BLOCKS = YES;
				GCC_WARN_64_TO_32_BIT_CONVERSION = YES;
				GCC_WARN_ABOUT_RETURN_TYPE = YES_ERROR;
				GCC_WARN_UNDECLARED_SELECTOR = YES;
				GCC_WARN_UNINITIALIZED_AUTOS = YES_AGGRESSIVE;
				GCC_WARN_UNUSED_FUNCTION = YES;
				GCC_WARN_UNUSED_VARIABLE = YES;
				IPHONEOS_DEPLOYMENT_TARGET = 14.4;
				MTL_ENABLE_DEBUG_INFO = NO;
				MTL_FAST_MATH = YES;
				SDKROOT = iphoneos;
				SWIFT_COMPILATION_MODE = wholemodule;
				SWIFT_OPTIMIZATION_LEVEL = "-O";
				VALIDATE_PRODUCT = YES;
			};
			name = Release;
		};
		61B7F2FC25CF746600BAA2A2 /* Debug */ = {
			isa = XCBuildConfiguration;
			buildSettings = {
				ASSETCATALOG_COMPILER_APPICON_NAME = AppIcon;
				ASSETCATALOG_COMPILER_GLOBAL_ACCENT_COLOR_NAME = AccentColor;
				CODE_SIGN_STYLE = Automatic;
				DEVELOPMENT_TEAM = 492YAQZFA9;
				INFOPLIST_FILE = RestaurantsApp/Info.plist;
				LD_RUNPATH_SEARCH_PATHS = (
					"$(inherited)",
					"@executable_path/Frameworks",
				);
				PRODUCT_BUNDLE_IDENTIFIER = "jp.ne.biglobe.kph.4garyou-yukky4.RestaurantsApp";
				PRODUCT_NAME = "$(TARGET_NAME)";
				SWIFT_VERSION = 5.0;
				TARGETED_DEVICE_FAMILY = "1,2";
			};
			name = Debug;
		};
		61B7F2FD25CF746600BAA2A2 /* Release */ = {
			isa = XCBuildConfiguration;
			buildSettings = {
				ASSETCATALOG_COMPILER_APPICON_NAME = AppIcon;
				ASSETCATALOG_COMPILER_GLOBAL_ACCENT_COLOR_NAME = AccentColor;
				CODE_SIGN_STYLE = Automatic;
				DEVELOPMENT_TEAM = 492YAQZFA9;
				INFOPLIST_FILE = RestaurantsApp/Info.plist;
				LD_RUNPATH_SEARCH_PATHS = (
					"$(inherited)",
					"@executable_path/Frameworks",
				);
				PRODUCT_BUNDLE_IDENTIFIER = "jp.ne.biglobe.kph.4garyou-yukky4.RestaurantsApp";
				PRODUCT_NAME = "$(TARGET_NAME)";
				SWIFT_VERSION = 5.0;
				TARGETED_DEVICE_FAMILY = "1,2";
			};
			name = Release;
		};
/* End XCBuildConfiguration section */

/* Begin XCConfigurationList section */
		61B7F2E225CF746500BAA2A2 /* Build configuration list for PBXProject "RestaurantsApp" */ = {
			isa = XCConfigurationList;
			buildConfigurations = (
				61B7F2F925CF746600BAA2A2 /* Debug */,
				61B7F2FA25CF746600BAA2A2 /* Release */,
			);
			defaultConfigurationIsVisible = 0;
			defaultConfigurationName = Release;
		};
		61B7F2FB25CF746600BAA2A2 /* Build configuration list for PBXNativeTarget "RestaurantsApp" */ = {
			isa = XCConfigurationList;
			buildConfigurations = (
				61B7F2FC25CF746600BAA2A2 /* Debug */,
				61B7F2FD25CF746600BAA2A2 /* Release */,
			);
			defaultConfigurationIsVisible = 0;
			defaultConfigurationName = Release;
		};
/* End XCConfigurationList section */
	};
	rootObject = 61B7F2DF25CF746500BAA2A2 /* Project object */;
}
